
Microsoft Visual Studio Solution File, Format Version 12.00
# Visual Studio Version 16
VisualStudioVersion = 16.0.28803.452
MinimumVisualStudioVersion = 10.0.40219.1
Project("{FAE04EC0-301F-11D3-BF4B-00C04F79EFBC}") = "ExcelConvertToolsXiongSetup", "ExcelConvertToolsXiongSetup\ExcelConvertToolsXiongSetup.csproj", "{CB2A87AB-4DE7-4B64-99E9-08B073938DA5}"
EndProject
Project("{FAE04EC0-301F-11D3-BF4B-00C04F79EFBC}") = "ExcelConvertTools2", "ExcelConvertTools2\ExcelConvertTools2.csproj", "{CA9CFE14-235C-4F4C-AD08-CA839C261D19}"
EndProject
Project("{2150E333-8FDC-42A3-9474-1A3956D46DE8}") = "Lib", "Lib", "{7D02DD93-1F40-4F8B-8D3B-403A790153A4}"
	ProjectSection(SolutionItems) = preProject
		Lib\DocumentFormat.OpenXml.dll = Lib\DocumentFormat.OpenXml.dll
	EndProjectSection
EndProject
Project("{FAE04EC0-301F-11D3-BF4B-00C04F79EFBC}") = "ExcelCompare", "ExcelCompare\ExcelCompare.csproj", "{1C6C4339-851C-4FEA-B58B-F59DBA8E9C6A}"
EndProject
Project("{9A19103F-16F7-4668-BE54-9A1E7A4F7556}") = "ExcelCompareCore", "ExcelCompareCore\ExcelCompareCore.csproj", "{EF34623D-9427-4B9B-8F85-C642BADE5393}"
EndProject
Global
	GlobalSection(SolutionConfigurationPlatforms) = preSolution
		Debug|Any CPU = Debug|Any CPU
		Release|Any CPU = Release|Any CPU
	EndGlobalSection
	GlobalSection(ProjectConfigurationPlatforms) = postSolution
		{CB2A87AB-4DE7-4B64-99E9-08B073938DA5}.Debug|Any CPU.ActiveCfg = Debug|Any CPU
		{CB2A87AB-4DE7-4B64-99E9-08B073938DA5}.Debug|Any CPU.Build.0 = Debug|Any CPU
		{CB2A87AB-4DE7-4B64-99E9-08B073938DA5}.Release|Any CPU.ActiveCfg = Release|Any CPU
		{CB2A87AB-4DE7-4B64-99E9-08B073938DA5}.Release|Any CPU.Build.0 = Release|Any CPU
		{CA9CFE14-235C-4F4C-AD08-CA839C261D19}.Debug|Any CPU.ActiveCfg = Debug|Any CPU
		{CA9CFE14-235C-4F4C-AD08-CA839C261D19}.Debug|Any CPU.Build.0 = Debug|Any CPU
		{CA9CFE14-235C-4F4C-AD08-CA839C261D19}.Release|Any CPU.ActiveCfg = Release|Any CPU
		{CA9CFE14-235C-4F4C-AD08-CA839C261D19}.Release|Any CPU.Build.0 = Release|Any CPU
		{1C6C4339-851C-4FEA-B58B-F59DBA8E9C6A}.Debug|Any CPU.ActiveCfg = Debug|Any CPU
		{1C6C4339-851C-4FEA-B58B-F59DBA8E9C6A}.Debug|Any CPU.Build.0 = Debug|Any CPU
		{1C6C4339-851C-4FEA-B58B-F59DBA8E9C6A}.Release|Any CPU.ActiveCfg = Release|Any CPU
		{1C6C4339-851C-4FEA-B58B-F59DBA8E9C6A}.Release|Any CPU.Build.0 = Release|Any CPU
		{EF34623D-9427-4B9B-8F85-C642BADE5393}.Debug|Any CPU.ActiveCfg = Debug|Any CPU
		{EF34623D-9427-4B9B-8F85-C642BADE5393}.Debug|Any CPU.Build.0 = Debug|Any CPU
		{EF34623D-9427-4B9B-8F85-C642BADE5393}.Release|Any CPU.ActiveCfg = Release|Any CPU
		{EF34623D-9427-4B9B-8F85-C642BADE5393}.Release|Any CPU.Build.0 = Release|Any CPU
	EndGlobalSection
	GlobalSection(SolutionProperties) = preSolution
		HideSolutionNode = FALSE
	EndGlobalSection
	GlobalSection(ExtensibilityGlobals) = postSolution
		SolutionGuid = {F8BC941B-4051-4245-BEA2-214299F3DA08}
	EndGlobalSection
EndGlobal
